PODS:
  - ActionSheetPicker-3.0 (2.3.0)
  - AFNetworking (3.2.1):
    - AFNetworking/NSURLSession (= 3.2.1)
    - AFNetworking/Reachability (= 3.2.1)
    - AFNetworking/Security (= 3.2.1)
    - AFNetworking/Serialization (= 3.2.1)
    - AFNetworking/UIKit (= 3.2.1)
  - AFNetworking/NSURLSession (3.2.1):
    - AFNetworking/Reachability
    - AFNetworking/Security
    - AFNetworking/Serialization
  - AFNetworking/Reachability (3.2.1)
  - AFNetworking/Security (3.2.1)
  - AFNetworking/Serialization (3.2.1)
  - AFNetworking/UIKit (3.2.1):
    - AFNetworking/NSURLSession
  - Bugly (2.5.0)
  - CocoaSecurity (1.2.4)
  - EGOCache (2.2.0)
  - FLAnimatedImage (1.0.12)
  - FMDB (2.7.5):
    - FMDB/standard (= 2.7.5)
  - FMDB/standard (2.7.5)
  - HMSegmentedControl (1.5.5)
  - IQKeyboardManager (6.2.1)
  - Masonry (1.1.0)
  - MBProgressHUD (0.9.2)
  - MJExtension (3.0.16)
  - MJRefresh (3.1.16)
  - OpenShare (0.0.1)
  - ReactiveCocoa (2.5):
    - ReactiveCocoa/UI (= 2.5)
  - ReactiveCocoa/Core (2.5):
    - ReactiveCocoa/no-arc
  - ReactiveCocoa/no-arc (2.5)
  - ReactiveCocoa/UI (2.5):
    - ReactiveCocoa/Core
  - SDAutoLayout (2.2.1)
  - SDCycleScrollView (1.75):
    - SDWebImage (>= 4.0.0)
  - SDWebImage (4.4.6):
    - SDWebImage/Core (= 4.4.6)
  - SDWebImage/Core (4.4.6)
  - SDWebImage/GIF (4.4.6):
    - FLAnimatedImage (~> 1.0)
    - SDWebImage/Core
  - SSKeychain (1.4.1)
  - TZImagePickerController (2.2.6)
  - UICKeyChainStore (2.1.2)

DEPENDENCIES:
  - ActionSheetPicker-3.0 (~> 2.3)
  - AFNetworking (~> 3.2)
  - Bugly (= 2.5)
  - CocoaSecurity (~> 1.2)
  - EGOCache (~> 2.2)
  - FMDB (~> 2.5)
  - HMSegmentedControl (~> 1.5)
  - IQKeyboardManager (~> 6.0)
  - Masonry (~> 1.1)
  - MBProgressHUD (~> 0.9)
  - MJExtension (~> 3.0)
  - MJRefresh (~> 3.1)
  - OpenShare
  - ReactiveCocoa (~> 2.5)
  - SDAutoLayout (~> 2.2)
  - SDCycleScrollView (~> 1.0)
  - SDWebImage (~> 4.4)
  - SDWebImage/GIF (~> 4.4)
  - SSKeychain (~> 1.4)
  - TZImagePickerController (~> 2.1)
  - UICKeyChainStore (~> 2.1)

SPEC REPOS:
  https://github.com/cocoapods/specs.git:
    - ActionSheetPicker-3.0
    - AFNetworking
    - Bugly
    - CocoaSecurity
    - EGOCache
    - FLAnimatedImage
    - FMDB
    - HMSegmentedControl
    - IQKeyboardManager
    - Masonry
    - MBProgressHUD
    - MJExtension
    - MJRefresh
    - OpenShare
    - ReactiveCocoa
    - SDAutoLayout
    - SDCycleScrollView
    - SDWebImage
    - SSKeychain
    - TZImagePickerController
    - UICKeyChainStore

SPEC CHECKSUMS:
  ActionSheetPicker-3.0: eef157d75e151f255c5333d26656c7fbfe905a51
  AFNetworking: b6f891fdfaed196b46c7a83cf209e09697b94057
  Bugly: 3ca9f255c01025582df26f9222893b383c7e4b4e
  CocoaSecurity: d288a6f87e0f363823d2cb83e753814a6944f71a
  EGOCache: 191fd213da6804d487b49b1a91772ba904f3e324
  FLAnimatedImage: 4a0b56255d9b05f18b6dd7ee06871be5d3b89e31
  FMDB: 2ce00b547f966261cd18927a3ddb07cb6f3db82a
  HMSegmentedControl: f514c6dad47aa3065e0ed2e8046b73efc71221b9
  IQKeyboardManager: 964638372b4a61892cc74fdfa6fd26de8c9464a2
  Masonry: 678fab65091a9290e40e2832a55e7ab731aad201
  MBProgressHUD: 1569cf7ace17a8bac47aabfbb8580a49690386d1
  MJExtension: 54dbbf6ee728f1a88e9aad904353d007831c7847
  MJRefresh: 7798e16e53a5ef7f332dd05b27664db4e29530fd
  OpenShare: a560580dbb729d5c0c3cc1ee84cd6aa4a07e94c6
  ReactiveCocoa: e2db045570aa97c695e7aa97c2bcab222ae51f4a
  SDAutoLayout: 8bf6b3bbc8b01f775d4defbb4fda2ace805461be
  SDCycleScrollView: 884b88f0266dd4708a0e1934975c69cb971707b1
  SDWebImage: 3f3f0c02f09798048c47a5ed0a13f17b063572d8
  SSKeychain: 55cc80f66f5c73da827e3077f02e43528897db41
  TZImagePickerController: 3b25b39ba2e28984fb51bbf3ca5187ffccebb239
  UICKeyChainStore: 85db518bb1d294366d15ec9b92a416c4e670518f

PODFILE CHECKSUM: bd754184f9ebb4daf021e35328d67fbcfdebc4e3

COCOAPODS: 1.5.2
