// !$*UTF8*$!
{
	archiveVersion = 1;
	classes = {
	};
	objectVersion = 50;
	objects = {

/* Begin PBXBuildFile section */
		3B2E8E5CEFCF8454E9C84DB7 /* libPods-CommonLibrary.a in Frameworks */ = {isa = PBXBuildFile; fileRef = 2A26610191EFC56D33FED078 /* libPods-CommonLibrary.a */; };
		5912BC41228AD0DA00B52DF5 /* MBProgressHUD+Usher.m in Sources */ = {isa = PBXBuildFile; fileRef = 5912BC35228AD0DA00B52DF5 /* MBProgressHUD+Usher.m */; };
		5912BC42228AD0DA00B52DF5 /* MBProgressHUD.bundle in Resources */ = {isa = PBXBuildFile; fileRef = 5912BC36228AD0DA00B52DF5 /* MBProgressHUD.bundle */; };
		5912BC43228AD0DA00B52DF5 /* UITextView+PlaceHolder.m in Sources */ = {isa = PBXBuildFile; fileRef = 5912BC3A228AD0DA00B52DF5 /* UITextView+PlaceHolder.m */; };
		5912BC44228AD0DA00B52DF5 /* JKDBHelper.m in Sources */ = {isa = PBXBuildFile; fileRef = 5912BC3E228AD0DA00B52DF5 /* JKDBHelper.m */; };
		5912BC45228AD0DA00B52DF5 /* JKDBModel.m in Sources */ = {isa = PBXBuildFile; fileRef = 5912BC40228AD0DA00B52DF5 /* JKDBModel.m */; };
		5912BC90228AD97800B52DF5 /* EmptyDataSource.m in Sources */ = {isa = PBXBuildFile; fileRef = 5912BC49228AD97800B52DF5 /* EmptyDataSource.m */; };
		5912BC91228AD97800B52DF5 /* UIView+EmptyDataSet.m in Sources */ = {isa = PBXBuildFile; fileRef = 5912BC4B228AD97800B52DF5 /* UIView+EmptyDataSet.m */; };
		5912BC92228AD97800B52DF5 /* UIView+EmptyDataSetType.m in Sources */ = {isa = PBXBuildFile; fileRef = 5912BC4D228AD97800B52DF5 /* UIView+EmptyDataSetType.m */; };
		5912BC93228AD97800B52DF5 /* LNBaseTableViewAPI.m in Sources */ = {isa = PBXBuildFile; fileRef = 5912BC51228AD97800B52DF5 /* LNBaseTableViewAPI.m */; };
		5912BC94228AD97800B52DF5 /* LNBaseTableViewCell.m in Sources */ = {isa = PBXBuildFile; fileRef = 5912BC53228AD97800B52DF5 /* LNBaseTableViewCell.m */; };
		5912BC95228AD97800B52DF5 /* LNBaseTableViewController.m in Sources */ = {isa = PBXBuildFile; fileRef = 5912BC55228AD97800B52DF5 /* LNBaseTableViewController.m */; };
		5912BC96228AD97800B52DF5 /* LNBaseTableViewModel.m in Sources */ = {isa = PBXBuildFile; fileRef = 5912BC57228AD97800B52DF5 /* LNBaseTableViewModel.m */; };
		5912BC97228AD97800B52DF5 /* LNBaseVC.m in Sources */ = {isa = PBXBuildFile; fileRef = 5912BC5A228AD97800B52DF5 /* LNBaseVC.m */; };
		5912BC9A228AD97800B52DF5 /* LNEncryption.m in Sources */ = {isa = PBXBuildFile; fileRef = 5912BC63228AD97800B52DF5 /* LNEncryption.m */; };
		5912BC9B228AD97800B52DF5 /* LNStatusInfoVC.m in Sources */ = {isa = PBXBuildFile; fileRef = 5912BC65228AD97800B52DF5 /* LNStatusInfoVC.m */; };
		5912BC9C228AD97800B52DF5 /* LNStatusInfoVC.xib in Resources */ = {isa = PBXBuildFile; fileRef = 5912BC66228AD97800B52DF5 /* LNStatusInfoVC.xib */; };
		5912BC9D228AD97800B52DF5 /* LNNetBaseModel.m in Sources */ = {isa = PBXBuildFile; fileRef = 5912BC6A228AD97800B52DF5 /* LNNetBaseModel.m */; };
		5912BC9E228AD97800B52DF5 /* LNNetWorkAPI.m in Sources */ = {isa = PBXBuildFile; fileRef = 5912BC6C228AD97800B52DF5 /* LNNetWorkAPI.m */; };
		5912BC9F228AD97800B52DF5 /* LCBaseRequest.m in Sources */ = {isa = PBXBuildFile; fileRef = 5912BC70228AD97800B52DF5 /* LCBaseRequest.m */; };
		5912BCA0228AD97800B52DF5 /* LCBatchRequest.m in Sources */ = {isa = PBXBuildFile; fileRef = 5912BC72228AD97800B52DF5 /* LCBatchRequest.m */; };
		5912BCA1228AD97800B52DF5 /* LCBatchRequestAgent.m in Sources */ = {isa = PBXBuildFile; fileRef = 5912BC74228AD97800B52DF5 /* LCBatchRequestAgent.m */; };
		5912BCA2228AD97800B52DF5 /* LCChainRequest.m in Sources */ = {isa = PBXBuildFile; fileRef = 5912BC76228AD97800B52DF5 /* LCChainRequest.m */; };
		5912BCA3228AD97800B52DF5 /* LCChainRequestAgent.m in Sources */ = {isa = PBXBuildFile; fileRef = 5912BC78228AD97800B52DF5 /* LCChainRequestAgent.m */; };
		5912BCA4228AD97800B52DF5 /* LCNetworkAgent.m in Sources */ = {isa = PBXBuildFile; fileRef = 5912BC7B228AD97800B52DF5 /* LCNetworkAgent.m */; };
		5912BCA5228AD97800B52DF5 /* LCNetworkConfig.m in Sources */ = {isa = PBXBuildFile; fileRef = 5912BC7D228AD97800B52DF5 /* LCNetworkConfig.m */; };
		5912BCA6228AD97800B52DF5 /* LCQueueRequest.m in Sources */ = {isa = PBXBuildFile; fileRef = 5912BC7F228AD97800B52DF5 /* LCQueueRequest.m */; };
		5912BCA7228AD97800B52DF5 /* LCQueueRequestAgent.m in Sources */ = {isa = PBXBuildFile; fileRef = 5912BC81228AD97800B52DF5 /* LCQueueRequestAgent.m */; };
		5912BCA8228AD97800B52DF5 /* LCProcessFilter.m in Sources */ = {isa = PBXBuildFile; fileRef = 5912BC84228AD97800B52DF5 /* LCProcessFilter.m */; };
		5912BCA9228AD97800B52DF5 /* TMCache.m in Sources */ = {isa = PBXBuildFile; fileRef = 5912BC87228AD97800B52DF5 /* TMCache.m */; };
		5912BCAA228AD97800B52DF5 /* TMDiskCache.m in Sources */ = {isa = PBXBuildFile; fileRef = 5912BC8A228AD97800B52DF5 /* TMDiskCache.m */; };
		5912BCAB228AD97800B52DF5 /* TMMemoryCache.m in Sources */ = {isa = PBXBuildFile; fileRef = 5912BC8C228AD97800B52DF5 /* TMMemoryCache.m */; };
		5912BCC6228ADB4E00B52DF5 /* NSString+PinYin.m in Sources */ = {isa = PBXBuildFile; fileRef = 5912BCB0228ADB4D00B52DF5 /* NSString+PinYin.m */; };
		5912BCC7228ADB4E00B52DF5 /* NSString+StringHelp.m in Sources */ = {isa = PBXBuildFile; fileRef = 5912BCB2228ADB4D00B52DF5 /* NSString+StringHelp.m */; };
		5912BCC8228ADB4E00B52DF5 /* RuntimeInvoker.m in Sources */ = {isa = PBXBuildFile; fileRef = 5912BCB4228ADB4D00B52DF5 /* RuntimeInvoker.m */; };
		5912BCC9228ADB4E00B52DF5 /* UIImage+Color.m in Sources */ = {isa = PBXBuildFile; fileRef = 5912BCB7228ADB4D00B52DF5 /* UIImage+Color.m */; };
		5912BCCA228ADB4E00B52DF5 /* UILabel+LineSpace.m in Sources */ = {isa = PBXBuildFile; fileRef = 5912BCBA228ADB4D00B52DF5 /* UILabel+LineSpace.m */; };
		5912BCCB228ADB4E00B52DF5 /* UIView+Nib.m in Sources */ = {isa = PBXBuildFile; fileRef = 5912BCBD228ADB4D00B52DF5 /* UIView+Nib.m */; };
		5912BCCC228ADB4E00B52DF5 /* UIView+Toast.m in Sources */ = {isa = PBXBuildFile; fileRef = 5912BCBF228ADB4D00B52DF5 /* UIView+Toast.m */; };
		5912BCCD228ADB4E00B52DF5 /* UIView+ViewController.m in Sources */ = {isa = PBXBuildFile; fileRef = 5912BCC1228ADB4D00B52DF5 /* UIView+ViewController.m */; };
		5912BCCE228ADB4E00B52DF5 /* UIWindow+Visible.m in Sources */ = {isa = PBXBuildFile; fileRef = 5912BCC4228ADB4D00B52DF5 /* UIWindow+Visible.m */; };
		5912BCD2228ADC8800B52DF5 /* Info.plist in Resources */ = {isa = PBXBuildFile; fileRef = 5912BCD1228ADC8800B52DF5 /* Info.plist */; };
		5968EEA72282B66300D1041B /* AppDelegate.m in Sources */ = {isa = PBXBuildFile; fileRef = 5968EEA62282B66300D1041B /* AppDelegate.m */; };
		5968EEAA2282B66300D1041B /* ViewController.m in Sources */ = {isa = PBXBuildFile; fileRef = 5968EEA92282B66300D1041B /* ViewController.m */; };
		5968EEAD2282B66300D1041B /* Main.storyboard in Resources */ = {isa = PBXBuildFile; fileRef = 5968EEAB2282B66300D1041B /* Main.storyboard */; };
		5968EEAF2282B66300D1041B /* Assets.xcassets in Resources */ = {isa = PBXBuildFile; fileRef = 5968EEAE2282B66300D1041B /* Assets.xcassets */; };
		5968EEB22282B66300D1041B /* LaunchScreen.storyboard in Resources */ = {isa = PBXBuildFile; fileRef = 5968EEB02282B66300D1041B /* LaunchScreen.storyboard */; };
		5968EEB52282B66300D1041B /* main.m in Sources */ = {isa = PBXBuildFile; fileRef = 5968EEB42282B66300D1041B /* main.m */; };
		5968EEBE2282BA0B00D1041B /* AppDelegate+ThirdParty.m in Sources */ = {isa = PBXBuildFile; fileRef = 5968EEBD2282BA0B00D1041B /* AppDelegate+ThirdParty.m */; };
		5968EEC42282D20A00D1041B /* AppDelegate+AutoLogin.m in Sources */ = {isa = PBXBuildFile; fileRef = 5968EEC32282D20A00D1041B /* AppDelegate+AutoLogin.m */; };
/* End PBXBuildFile section */

/* Begin PBXFileReference section */
		2A26610191EFC56D33FED078 /* libPods-CommonLibrary.a */ = {isa = PBXFileReference; explicitFileType = archive.ar; includeInIndex = 0; path = "libPods-CommonLibrary.a"; sourceTree = BUILT_PRODUCTS_DIR; };
		5912BC34228AD0DA00B52DF5 /* MBProgressHUD+Usher.h */ = {isa = PBXFileReference; fileEncoding = 4; lastKnownFileType = sourcecode.c.h; path = "MBProgressHUD+Usher.h"; sourceTree = "<group>"; };
		5912BC35228AD0DA00B52DF5 /* MBProgressHUD+Usher.m */ = {isa = PBXFileReference; fileEncoding = 4; lastKnownFileType = sourcecode.c.objc; path = "MBProgressHUD+Usher.m"; sourceTree = "<group>"; };
		5912BC36228AD0DA00B52DF5 /* MBProgressHUD.bundle */ = {isa = PBXFileReference; lastKnownFileType = "wrapper.plug-in"; path = MBProgressHUD.bundle; sourceTree = "<group>"; };
		5912BC39228AD0DA00B52DF5 /* UITextView+PlaceHolder.h */ = {isa = PBXFileReference; fileEncoding = 4; lastKnownFileType = sourcecode.c.h; path = "UITextView+PlaceHolder.h"; sourceTree = "<group>"; };
		5912BC3A228AD0DA00B52DF5 /* UITextView+PlaceHolder.m */ = {isa = PBXFileReference; fileEncoding = 4; lastKnownFileType = sourcecode.c.objc; path = "UITextView+PlaceHolder.m"; sourceTree = "<group>"; };
		5912BC3D228AD0DA00B52DF5 /* JKDBHelper.h */ = {isa = PBXFileReference; fileEncoding = 4; lastKnownFileType = sourcecode.c.h; path = JKDBHelper.h; sourceTree = "<group>"; };
		5912BC3E228AD0DA00B52DF5 /* JKDBHelper.m */ = {isa = PBXFileReference; fileEncoding = 4; lastKnownFileType = sourcecode.c.objc; path = JKDBHelper.m; sourceTree = "<group>"; };
		5912BC3F228AD0DA00B52DF5 /* JKDBModel.h */ = {isa = PBXFileReference; fileEncoding = 4; lastKnownFileType = sourcecode.c.h; path = JKDBModel.h; sourceTree = "<group>"; };
		5912BC40228AD0DA00B52DF5 /* JKDBModel.m */ = {isa = PBXFileReference; fileEncoding = 4; lastKnownFileType = sourcecode.c.objc; path = JKDBModel.m; sourceTree = "<group>"; };
		5912BC48228AD97800B52DF5 /* EmptyDataSource.h */ = {isa = PBXFileReference; fileEncoding = 4; lastKnownFileType = sourcecode.c.h; path = EmptyDataSource.h; sourceTree = "<group>"; };
		5912BC49228AD97800B52DF5 /* EmptyDataSource.m */ = {isa = PBXFileReference; fileEncoding = 4; lastKnownFileType = sourcecode.c.objc; path = EmptyDataSource.m; sourceTree = "<group>"; };
		5912BC4A228AD97800B52DF5 /* UIView+EmptyDataSet.h */ = {isa = PBXFileReference; fileEncoding = 4; lastKnownFileType = sourcecode.c.h; path = "UIView+EmptyDataSet.h"; sourceTree = "<group>"; };
		5912BC4B228AD97800B52DF5 /* UIView+EmptyDataSet.m */ = {isa = PBXFileReference; fileEncoding = 4; lastKnownFileType = sourcecode.c.objc; path = "UIView+EmptyDataSet.m"; sourceTree = "<group>"; };
		5912BC4C228AD97800B52DF5 /* UIView+EmptyDataSetType.h */ = {isa = PBXFileReference; fileEncoding = 4; lastKnownFileType = sourcecode.c.h; path = "UIView+EmptyDataSetType.h"; sourceTree = "<group>"; };
		5912BC4D228AD97800B52DF5 /* UIView+EmptyDataSetType.m */ = {isa = PBXFileReference; fileEncoding = 4; lastKnownFileType = sourcecode.c.objc; path = "UIView+EmptyDataSetType.m"; sourceTree = "<group>"; };
		5912BC4E228AD97800B52DF5 /* LNBase.h */ = {isa = PBXFileReference; fileEncoding = 4; lastKnownFileType = sourcecode.c.h; path = LNBase.h; sourceTree = "<group>"; };
		5912BC50228AD97800B52DF5 /* LNBaseTableViewAPI.h */ = {isa = PBXFileReference; fileEncoding = 4; lastKnownFileType = sourcecode.c.h; path = LNBaseTableViewAPI.h; sourceTree = "<group>"; };
		5912BC51228AD97800B52DF5 /* LNBaseTableViewAPI.m */ = {isa = PBXFileReference; fileEncoding = 4; lastKnownFileType = sourcecode.c.objc; path = LNBaseTableViewAPI.m; sourceTree = "<group>"; };
		5912BC52228AD97800B52DF5 /* LNBaseTableViewCell.h */ = {isa = PBXFileReference; fileEncoding = 4; lastKnownFileType = sourcecode.c.h; path = LNBaseTableViewCell.h; sourceTree = "<group>"; };
		5912BC53228AD97800B52DF5 /* LNBaseTableViewCell.m */ = {isa = PBXFileReference; fileEncoding = 4; lastKnownFileType = sourcecode.c.objc; path = LNBaseTableViewCell.m; sourceTree = "<group>"; };
		5912BC54228AD97800B52DF5 /* LNBaseTableViewController.h */ = {isa = PBXFileReference; fileEncoding = 4; lastKnownFileType = sourcecode.c.h; path = LNBaseTableViewController.h; sourceTree = "<group>"; };
		5912BC55228AD97800B52DF5 /* LNBaseTableViewController.m */ = {isa = PBXFileReference; fileEncoding = 4; lastKnownFileType = sourcecode.c.objc; path = LNBaseTableViewController.m; sourceTree = "<group>"; };
		5912BC56228AD97800B52DF5 /* LNBaseTableViewModel.h */ = {isa = PBXFileReference; fileEncoding = 4; lastKnownFileType = sourcecode.c.h; path = LNBaseTableViewModel.h; sourceTree = "<group>"; };
		5912BC57228AD97800B52DF5 /* LNBaseTableViewModel.m */ = {isa = PBXFileReference; fileEncoding = 4; lastKnownFileType = sourcecode.c.objc; path = LNBaseTableViewModel.m; sourceTree = "<group>"; };
		5912BC59228AD97800B52DF5 /* LNBaseVC.h */ = {isa = PBXFileReference; fileEncoding = 4; lastKnownFileType = sourcecode.c.h; path = LNBaseVC.h; sourceTree = "<group>"; };
		5912BC5A228AD97800B52DF5 /* LNBaseVC.m */ = {isa = PBXFileReference; fileEncoding = 4; lastKnownFileType = sourcecode.c.objc; path = LNBaseVC.m; sourceTree = "<group>"; };
		5912BC61228AD97800B52DF5 /* LNBlock.h */ = {isa = PBXFileReference; fileEncoding = 4; lastKnownFileType = sourcecode.c.h; path = LNBlock.h; sourceTree = "<group>"; };
		5912BC62228AD97800B52DF5 /* LNEncryption.h */ = {isa = PBXFileReference; fileEncoding = 4; lastKnownFileType = sourcecode.c.h; path = LNEncryption.h; sourceTree = "<group>"; };
		5912BC63228AD97800B52DF5 /* LNEncryption.m */ = {isa = PBXFileReference; fileEncoding = 4; lastKnownFileType = sourcecode.c.objc; path = LNEncryption.m; sourceTree = "<group>"; };
		5912BC64228AD97800B52DF5 /* LNStatusInfoVC.h */ = {isa = PBXFileReference; fileEncoding = 4; lastKnownFileType = sourcecode.c.h; path = LNStatusInfoVC.h; sourceTree = "<group>"; };
		5912BC65228AD97800B52DF5 /* LNStatusInfoVC.m */ = {isa = PBXFileReference; fileEncoding = 4; lastKnownFileType = sourcecode.c.objc; path = LNStatusInfoVC.m; sourceTree = "<group>"; };
		5912BC66228AD97800B52DF5 /* LNStatusInfoVC.xib */ = {isa = PBXFileReference; fileEncoding = 4; lastKnownFileType = file.xib; path = LNStatusInfoVC.xib; sourceTree = "<group>"; };
		5912BC69228AD97800B52DF5 /* LNNetBaseModel.h */ = {isa = PBXFileReference; fileEncoding = 4; lastKnownFileType = sourcecode.c.h; path = LNNetBaseModel.h; sourceTree = "<group>"; };
		5912BC6A228AD97800B52DF5 /* LNNetBaseModel.m */ = {isa = PBXFileReference; fileEncoding = 4; lastKnownFileType = sourcecode.c.objc; path = LNNetBaseModel.m; sourceTree = "<group>"; };
		5912BC6B228AD97800B52DF5 /* LNNetWorkAPI.h */ = {isa = PBXFileReference; fileEncoding = 4; lastKnownFileType = sourcecode.c.h; path = LNNetWorkAPI.h; sourceTree = "<group>"; };
		5912BC6C228AD97800B52DF5 /* LNNetWorkAPI.m */ = {isa = PBXFileReference; fileEncoding = 4; lastKnownFileType = sourcecode.c.objc; path = LNNetWorkAPI.m; sourceTree = "<group>"; };
		5912BC6E228AD97800B52DF5 /* LCBaseRequest+Internal.h */ = {isa = PBXFileReference; fileEncoding = 4; lastKnownFileType = sourcecode.c.h; path = "LCBaseRequest+Internal.h"; sourceTree = "<group>"; };
		5912BC6F228AD97800B52DF5 /* LCBaseRequest.h */ = {isa = PBXFileReference; fileEncoding = 4; lastKnownFileType = sourcecode.c.h; path = LCBaseRequest.h; sourceTree = "<group>"; };
		5912BC70228AD97800B52DF5 /* LCBaseRequest.m */ = {isa = PBXFileReference; fileEncoding = 4; lastKnownFileType = sourcecode.c.objc; path = LCBaseRequest.m; sourceTree = "<group>"; };
		5912BC71228AD97800B52DF5 /* LCBatchRequest.h */ = {isa = PBXFileReference; fileEncoding = 4; lastKnownFileType = sourcecode.c.h; path = LCBatchRequest.h; sourceTree = "<group>"; };
		5912BC72228AD97800B52DF5 /* LCBatchRequest.m */ = {isa = PBXFileReference; fileEncoding = 4; lastKnownFileType = sourcecode.c.objc; path = LCBatchRequest.m; sourceTree = "<group>"; };
		5912BC73228AD97800B52DF5 /* LCBatchRequestAgent.h */ = {isa = PBXFileReference; fileEncoding = 4; lastKnownFileType = sourcecode.c.h; path = LCBatchRequestAgent.h; sourceTree = "<group>"; };
		5912BC74228AD97800B52DF5 /* LCBatchRequestAgent.m */ = {isa = PBXFileReference; fileEncoding = 4; lastKnownFileType = sourcecode.c.objc; path = LCBatchRequestAgent.m; sourceTree = "<group>"; };
		5912BC75228AD97800B52DF5 /* LCChainRequest.h */ = {isa = PBXFileReference; fileEncoding = 4; lastKnownFileType = sourcecode.c.h; path = LCChainRequest.h; sourceTree = "<group>"; };
		5912BC76228AD97800B52DF5 /* LCChainRequest.m */ = {isa = PBXFileReference; fileEncoding = 4; lastKnownFileType = sourcecode.c.objc; path = LCChainRequest.m; sourceTree = "<group>"; };
		5912BC77228AD97800B52DF5 /* LCChainRequestAgent.h */ = {isa = PBXFileReference; fileEncoding = 4; lastKnownFileType = sourcecode.c.h; path = LCChainRequestAgent.h; sourceTree = "<group>"; };
		5912BC78228AD97800B52DF5 /* LCChainRequestAgent.m */ = {isa = PBXFileReference; fileEncoding = 4; lastKnownFileType = sourcecode.c.objc; path = LCChainRequestAgent.m; sourceTree = "<group>"; };
		5912BC79228AD97800B52DF5 /* LCNetwork.h */ = {isa = PBXFileReference; fileEncoding = 4; lastKnownFileType = sourcecode.c.h; path = LCNetwork.h; sourceTree = "<group>"; };
		5912BC7A228AD97800B52DF5 /* LCNetworkAgent.h */ = {isa = PBXFileReference; fileEncoding = 4; lastKnownFileType = sourcecode.c.h; path = LCNetworkAgent.h; sourceTree = "<group>"; };
		5912BC7B228AD97800B52DF5 /* LCNetworkAgent.m */ = {isa = PBXFileReference; fileEncoding = 4; lastKnownFileType = sourcecode.c.objc; path = LCNetworkAgent.m; sourceTree = "<group>"; };
		5912BC7C228AD97800B52DF5 /* LCNetworkConfig.h */ = {isa = PBXFileReference; fileEncoding = 4; lastKnownFileType = sourcecode.c.h; path = LCNetworkConfig.h; sourceTree = "<group>"; };
		5912BC7D228AD97800B52DF5 /* LCNetworkConfig.m */ = {isa = PBXFileReference; fileEncoding = 4; lastKnownFileType = sourcecode.c.objc; path = LCNetworkConfig.m; sourceTree = "<group>"; };
		5912BC7E228AD97800B52DF5 /* LCQueueRequest.h */ = {isa = PBXFileReference; fileEncoding = 4; lastKnownFileType = sourcecode.c.h; path = LCQueueRequest.h; sourceTree = "<group>"; };
		5912BC7F228AD97800B52DF5 /* LCQueueRequest.m */ = {isa = PBXFileReference; fileEncoding = 4; lastKnownFileType = sourcecode.c.objc; path = LCQueueRequest.m; sourceTree = "<group>"; };
		5912BC80228AD97800B52DF5 /* LCQueueRequestAgent.h */ = {isa = PBXFileReference; fileEncoding = 4; lastKnownFileType = sourcecode.c.h; path = LCQueueRequestAgent.h; sourceTree = "<group>"; };
		5912BC81228AD97800B52DF5 /* LCQueueRequestAgent.m */ = {isa = PBXFileReference; fileEncoding = 4; lastKnownFileType = sourcecode.c.objc; path = LCQueueRequestAgent.m; sourceTree = "<group>"; };
		5912BC83228AD97800B52DF5 /* LCProcessFilter.h */ = {isa = PBXFileReference; fileEncoding = 4; lastKnownFileType = sourcecode.c.h; path = LCProcessFilter.h; sourceTree = "<group>"; };
		5912BC84228AD97800B52DF5 /* LCProcessFilter.m */ = {isa = PBXFileReference; fileEncoding = 4; lastKnownFileType = sourcecode.c.objc; path = LCProcessFilter.m; sourceTree = "<group>"; };
		5912BC86228AD97800B52DF5 /* TMCache.h */ = {isa = PBXFileReference; fileEncoding = 4; lastKnownFileType = sourcecode.c.h; path = TMCache.h; sourceTree = "<group>"; };
		5912BC87228AD97800B52DF5 /* TMCache.m */ = {isa = PBXFileReference; fileEncoding = 4; lastKnownFileType = sourcecode.c.objc; path = TMCache.m; sourceTree = "<group>"; };
		5912BC88228AD97800B52DF5 /* TMCacheBackgroundTaskManager.h */ = {isa = PBXFileReference; fileEncoding = 4; lastKnownFileType = sourcecode.c.h; path = TMCacheBackgroundTaskManager.h; sourceTree = "<group>"; };
		5912BC89228AD97800B52DF5 /* TMDiskCache.h */ = {isa = PBXFileReference; fileEncoding = 4; lastKnownFileType = sourcecode.c.h; path = TMDiskCache.h; sourceTree = "<group>"; };
		5912BC8A228AD97800B52DF5 /* TMDiskCache.m */ = {isa = PBXFileReference; fileEncoding = 4; lastKnownFileType = sourcecode.c.objc; path = TMDiskCache.m; sourceTree = "<group>"; };
		5912BC8B228AD97800B52DF5 /* TMMemoryCache.h */ = {isa = PBXFileReference; fileEncoding = 4; lastKnownFileType = sourcecode.c.h; path = TMMemoryCache.h; sourceTree = "<group>"; };
		5912BC8C228AD97800B52DF5 /* TMMemoryCache.m */ = {isa = PBXFileReference; fileEncoding = 4; lastKnownFileType = sourcecode.c.objc; path = TMMemoryCache.m; sourceTree = "<group>"; };
		5912BCAF228ADB4D00B52DF5 /* NSString+PinYin.h */ = {isa = PBXFileReference; fileEncoding = 4; lastKnownFileType = sourcecode.c.h; path = "NSString+PinYin.h"; sourceTree = "<group>"; };
		5912BCB0228ADB4D00B52DF5 /* NSString+PinYin.m */ = {isa = PBXFileReference; fileEncoding = 4; lastKnownFileType = sourcecode.c.objc; path = "NSString+PinYin.m"; sourceTree = "<group>"; };
		5912BCB1228ADB4D00B52DF5 /* NSString+StringHelp.h */ = {isa = PBXFileReference; fileEncoding = 4; lastKnownFileType = sourcecode.c.h; path = "NSString+StringHelp.h"; sourceTree = "<group>"; };
		5912BCB2228ADB4D00B52DF5 /* NSString+StringHelp.m */ = {isa = PBXFileReference; fileEncoding = 4; lastKnownFileType = sourcecode.c.objc; path = "NSString+StringHelp.m"; sourceTree = "<group>"; };
		5912BCB3228ADB4D00B52DF5 /* RuntimeInvoker.h */ = {isa = PBXFileReference; fileEncoding = 4; lastKnownFileType = sourcecode.c.h; path = RuntimeInvoker.h; sourceTree = "<group>"; };
		5912BCB4228ADB4D00B52DF5 /* RuntimeInvoker.m */ = {isa = PBXFileReference; fileEncoding = 4; lastKnownFileType = sourcecode.c.objc; path = RuntimeInvoker.m; sourceTree = "<group>"; };
		5912BCB6228ADB4D00B52DF5 /* UIImage+Color.h */ = {isa = PBXFileReference; fileEncoding = 4; lastKnownFileType = sourcecode.c.h; path = "UIImage+Color.h"; sourceTree = "<group>"; };
		5912BCB7228ADB4D00B52DF5 /* UIImage+Color.m */ = {isa = PBXFileReference; fileEncoding = 4; lastKnownFileType = sourcecode.c.objc; path = "UIImage+Color.m"; sourceTree = "<group>"; };
		5912BCB9228ADB4D00B52DF5 /* UILabel+LineSpace.h */ = {isa = PBXFileReference; fileEncoding = 4; lastKnownFileType = sourcecode.c.h; path = "UILabel+LineSpace.h"; sourceTree = "<group>"; };
		5912BCBA228ADB4D00B52DF5 /* UILabel+LineSpace.m */ = {isa = PBXFileReference; fileEncoding = 4; lastKnownFileType = sourcecode.c.objc; path = "UILabel+LineSpace.m"; sourceTree = "<group>"; };
		5912BCBC228ADB4D00B52DF5 /* UIView+Nib.h */ = {isa = PBXFileReference; fileEncoding = 4; lastKnownFileType = sourcecode.c.h; path = "UIView+Nib.h"; sourceTree = "<group>"; };
		5912BCBD228ADB4D00B52DF5 /* UIView+Nib.m */ = {isa = PBXFileReference; fileEncoding = 4; lastKnownFileType = sourcecode.c.objc; path = "UIView+Nib.m"; sourceTree = "<group>"; };
		5912BCBE228ADB4D00B52DF5 /* UIView+Toast.h */ = {isa = PBXFileReference; fileEncoding = 4; lastKnownFileType = sourcecode.c.h; path = "UIView+Toast.h"; sourceTree = "<group>"; };
		5912BCBF228ADB4D00B52DF5 /* UIView+Toast.m */ = {isa = PBXFileReference; fileEncoding = 4; lastKnownFileType = sourcecode.c.objc; path = "UIView+Toast.m"; sourceTree = "<group>"; };
		5912BCC0228ADB4D00B52DF5 /* UIView+ViewController.h */ = {isa = PBXFileReference; fileEncoding = 4; lastKnownFileType = sourcecode.c.h; path = "UIView+ViewController.h"; sourceTree = "<group>"; };
		5912BCC1228ADB4D00B52DF5 /* UIView+ViewController.m */ = {isa = PBXFileReference; fileEncoding = 4; lastKnownFileType = sourcecode.c.objc; path = "UIView+ViewController.m"; sourceTree = "<group>"; };
		5912BCC3228ADB4D00B52DF5 /* UIWindow+Visible.h */ = {isa = PBXFileReference; fileEncoding = 4; lastKnownFileType = sourcecode.c.h; path = "UIWindow+Visible.h"; sourceTree = "<group>"; };
		5912BCC4228ADB4D00B52DF5 /* UIWindow+Visible.m */ = {isa = PBXFileReference; fileEncoding = 4; lastKnownFileType = sourcecode.c.objc; path = "UIWindow+Visible.m"; sourceTree = "<group>"; };
		5912BCD0228ADC8800B52DF5 /* CommonLbryPrefixHeader.pch */ = {isa = PBXFileReference; fileEncoding = 4; lastKnownFileType = sourcecode.c.h; path = CommonLbryPrefixHeader.pch; sourceTree = "<group>"; };
		5912BCD1228ADC8800B52DF5 /* Info.plist */ = {isa = PBXFileReference; fileEncoding = 4; lastKnownFileType = text.plist.xml; path = Info.plist; sourceTree = "<group>"; };
		5912BCD3228ADD0800B52DF5 /* LNMacros.h */ = {isa = PBXFileReference; lastKnownFileType = sourcecode.c.h; path = LNMacros.h; sourceTree = "<group>"; };
		5968EEA22282B66300D1041B /* CommonLibrary.app */ = {isa = PBXFileReference; explicitFileType = wrapper.application; includeInIndex = 0; path = CommonLibrary.app; sourceTree = BUILT_PRODUCTS_DIR; };
		5968EEA52282B66300D1041B /* AppDelegate.h */ = {isa = PBXFileReference; lastKnownFileType = sourcecode.c.h; path = AppDelegate.h; sourceTree = "<group>"; };
		5968EEA62282B66300D1041B /* AppDelegate.m */ = {isa = PBXFileReference; lastKnownFileType = sourcecode.c.objc; path = AppDelegate.m; sourceTree = "<group>"; };
		5968EEA82282B66300D1041B /* ViewController.h */ = {isa = PBXFileReference; lastKnownFileType = sourcecode.c.h; path = ViewController.h; sourceTree = "<group>"; };
		5968EEA92282B66300D1041B /* ViewController.m */ = {isa = PBXFileReference; lastKnownFileType = sourcecode.c.objc; path = ViewController.m; sourceTree = "<group>"; };
		5968EEAC2282B66300D1041B /* Base */ = {isa = PBXFileReference; lastKnownFileType = file.storyboard; name = Base; path = Base.lproj/Main.storyboard; sourceTree = "<group>"; };
		5968EEAE2282B66300D1041B /* Assets.xcassets */ = {isa = PBXFileReference; lastKnownFileType = folder.assetcatalog; path = Assets.xcassets; sourceTree = "<group>"; };
		5968EEB12282B66300D1041B /* Base */ = {isa = PBXFileReference; lastKnownFileType = file.storyboard; name = Base; path = Base.lproj/LaunchScreen.storyboard; sourceTree = "<group>"; };
		5968EEB42282B66300D1041B /* main.m */ = {isa = PBXFileReference; lastKnownFileType = sourcecode.c.objc; path = main.m; sourceTree = "<group>"; };
		5968EEBC2282BA0B00D1041B /* AppDelegate+ThirdParty.h */ = {isa = PBXFileReference; lastKnownFileType = sourcecode.c.h; path = "AppDelegate+ThirdParty.h"; sourceTree = "<group>"; };
		5968EEBD2282BA0B00D1041B /* AppDelegate+ThirdParty.m */ = {isa = PBXFileReference; lastKnownFileType = sourcecode.c.objc; path = "AppDelegate+ThirdParty.m"; sourceTree = "<group>"; };
		5968EEC22282D20A00D1041B /* AppDelegate+AutoLogin.h */ = {isa = PBXFileReference; fileEncoding = 4; lastKnownFileType = sourcecode.c.h; path = "AppDelegate+AutoLogin.h"; sourceTree = "<group>"; };
		5968EEC32282D20A00D1041B /* AppDelegate+AutoLogin.m */ = {isa = PBXFileReference; fileEncoding = 4; lastKnownFileType = sourcecode.c.objc; path = "AppDelegate+AutoLogin.m"; sourceTree = "<group>"; };
		8E11F58A9D6860FBC0D82076 /* Pods-CommonLibrary.release.xcconfig */ = {isa = PBXFileReference; includeInIndex = 1; lastKnownFileType = text.xcconfig; name = "Pods-CommonLibrary.release.xcconfig"; path = "Pods/Target Support Files/Pods-CommonLibrary/Pods-CommonLibrary.release.xcconfig"; sourceTree = "<group>"; };
		CC41FE78BB88E44166DDB78A /* Pods-CommonLibrary.debug.xcconfig */ = {isa = PBXFileReference; includeInIndex = 1; lastKnownFileType = text.xcconfig; name = "Pods-CommonLibrary.debug.xcconfig"; path = "Pods/Target Support Files/Pods-CommonLibrary/Pods-CommonLibrary.debug.xcconfig"; sourceTree = "<group>"; };
/* End PBXFileReference section */

/* Begin PBXFrameworksBuildPhase section */
		5968EE9F2282B66300D1041B /* Frameworks */ = {
			isa = PBXFrameworksBuildPhase;
			buildActionMask = 2147483647;
			files = (
				3B2E8E5CEFCF8454E9C84DB7 /* libPods-CommonLibrary.a in Frameworks */,
			);
			runOnlyForDeploymentPostprocessing = 0;
		};
/* End PBXFrameworksBuildPhase section */

/* Begin PBXGroup section */
		1AD3192DC6F1DEECC5646222 /* Frameworks */ = {
			isa = PBXGroup;
			children = (
				2A26610191EFC56D33FED078 /* libPods-CommonLibrary.a */,
			);
			name = Frameworks;
			sourceTree = "<group>";
		};
		5912BC31228AD0DA00B52DF5 /* Common */ = {
			isa = PBXGroup;
			children = (
				5912BC32228AD0DA00B52DF5 /* Category */,
				5912BC37228AD0DA00B52DF5 /* CustomUIView */,
				5912BC3B228AD0DA00B52DF5 /* vender(开源第三方) */,
			);
			path = Common;
			sourceTree = "<group>";
		};
		5912BC32228AD0DA00B52DF5 /* Category */ = {
			isa = PBXGroup;
			children = (
				5912BC33228AD0DA00B52DF5 /* MBProgressHUD(弹窗提示) */,
			);
			path = Category;
			sourceTree = "<group>";
		};
		5912BC33228AD0DA00B52DF5 /* MBProgressHUD(弹窗提示) */ = {
			isa = PBXGroup;
			children = (
				5912BC34228AD0DA00B52DF5 /* MBProgressHUD+Usher.h */,
				5912BC35228AD0DA00B52DF5 /* MBProgressHUD+Usher.m */,
				5912BC36228AD0DA00B52DF5 /* MBProgressHUD.bundle */,
			);
			path = "MBProgressHUD(弹窗提示)";
			sourceTree = "<group>";
		};
		5912BC37228AD0DA00B52DF5 /* CustomUIView */ = {
			isa = PBXGroup;
			children = (
				5912BC38228AD0DA00B52DF5 /* UITextView(文本输入框) */,
			);
			path = CustomUIView;
			sourceTree = "<group>";
		};
		5912BC38228AD0DA00B52DF5 /* UITextView(文本输入框) */ = {
			isa = PBXGroup;
			children = (
				5912BC39228AD0DA00B52DF5 /* UITextView+PlaceHolder.h */,
				5912BC3A228AD0DA00B52DF5 /* UITextView+PlaceHolder.m */,
			);
			path = "UITextView(文本输入框)";
			sourceTree = "<group>";
		};
		5912BC3B228AD0DA00B52DF5 /* vender(开源第三方) */ = {
			isa = PBXGroup;
			children = (
				5912BC3C228AD0DA00B52DF5 /* DBModel */,
			);
			path = "vender(开源第三方)";
			sourceTree = "<group>";
		};
		5912BC3C228AD0DA00B52DF5 /* DBModel */ = {
			isa = PBXGroup;
			children = (
				5912BC3D228AD0DA00B52DF5 /* JKDBHelper.h */,
				5912BC3E228AD0DA00B52DF5 /* JKDBHelper.m */,
				5912BC3F228AD0DA00B52DF5 /* JKDBModel.h */,
				5912BC40228AD0DA00B52DF5 /* JKDBModel.m */,
			);
			path = DBModel;
			sourceTree = "<group>";
		};
		5912BC46228AD97800B52DF5 /* LNBase */ = {
			isa = PBXGroup;
			children = (
				5912BC47228AD97800B52DF5 /* EmptyDataSet(空视图) */,
				5912BC4E228AD97800B52DF5 /* LNBase.h */,
				5912BC4F228AD97800B52DF5 /* LNBaseTableVC */,
				5912BC58228AD97800B52DF5 /* LNBaseVC */,
				5912BC60228AD97800B52DF5 /* LNCommon */,
				5912BC67228AD97800B52DF5 /* LNNetwork */,
			);
			path = LNBase;
			sourceTree = "<group>";
		};
		5912BC47228AD97800B52DF5 /* EmptyDataSet(空视图) */ = {
			isa = PBXGroup;
			children = (
				5912BC48228AD97800B52DF5 /* EmptyDataSource.h */,
				5912BC49228AD97800B52DF5 /* EmptyDataSource.m */,
				5912BC4A228AD97800B52DF5 /* UIView+EmptyDataSet.h */,
				5912BC4B228AD97800B52DF5 /* UIView+EmptyDataSet.m */,
				5912BC4C228AD97800B52DF5 /* UIView+EmptyDataSetType.h */,
				5912BC4D228AD97800B52DF5 /* UIView+EmptyDataSetType.m */,
			);
			path = "EmptyDataSet(空视图)";
			sourceTree = "<group>";
		};
		5912BC4F228AD97800B52DF5 /* LNBaseTableVC */ = {
			isa = PBXGroup;
			children = (
				5912BC50228AD97800B52DF5 /* LNBaseTableViewAPI.h */,
				5912BC51228AD97800B52DF5 /* LNBaseTableViewAPI.m */,
				5912BC52228AD97800B52DF5 /* LNBaseTableViewCell.h */,
				5912BC53228AD97800B52DF5 /* LNBaseTableViewCell.m */,
				5912BC54228AD97800B52DF5 /* LNBaseTableViewController.h */,
				5912BC55228AD97800B52DF5 /* LNBaseTableViewController.m */,
				5912BC56228AD97800B52DF5 /* LNBaseTableViewModel.h */,
				5912BC57228AD97800B52DF5 /* LNBaseTableViewModel.m */,
			);
			path = LNBaseTableVC;
			sourceTree = "<group>";
		};
		5912BC58228AD97800B52DF5 /* LNBaseVC */ = {
			isa = PBXGroup;
			children = (
				5912BC59228AD97800B52DF5 /* LNBaseVC.h */,
				5912BC5A228AD97800B52DF5 /* LNBaseVC.m */,
			);
			path = LNBaseVC;
			sourceTree = "<group>";
		};
		5912BC60228AD97800B52DF5 /* LNCommon */ = {
			isa = PBXGroup;
			children = (
				5912BC61228AD97800B52DF5 /* LNBlock.h */,
				5912BC62228AD97800B52DF5 /* LNEncryption.h */,
				5912BC63228AD97800B52DF5 /* LNEncryption.m */,
				5912BC64228AD97800B52DF5 /* LNStatusInfoVC.h */,
				5912BC65228AD97800B52DF5 /* LNStatusInfoVC.m */,
				5912BC66228AD97800B52DF5 /* LNStatusInfoVC.xib */,
			);
			path = LNCommon;
			sourceTree = "<group>";
		};
		5912BC67228AD97800B52DF5 /* LNNetwork */ = {
			isa = PBXGroup;
			children = (
				5912BC68228AD97800B52DF5 /* BaseNetwork */,
				5912BC6D228AD97800B52DF5 /* LCNetwork */,
				5912BC82228AD97800B52DF5 /* LCProcessFilter */,
				5912BC85228AD97800B52DF5 /* TMCache */,
			);
			path = LNNetwork;
			sourceTree = "<group>";
		};
		5912BC68228AD97800B52DF5 /* BaseNetwork */ = {
			isa = PBXGroup;
			children = (
				5912BC69228AD97800B52DF5 /* LNNetBaseModel.h */,
				5912BC6A228AD97800B52DF5 /* LNNetBaseModel.m */,
				5912BC6B228AD97800B52DF5 /* LNNetWorkAPI.h */,
				5912BC6C228AD97800B52DF5 /* LNNetWorkAPI.m */,
			);
			path = BaseNetwork;
			sourceTree = "<group>";
		};
		5912BC6D228AD97800B52DF5 /* LCNetwork */ = {
			isa = PBXGroup;
			children = (
				5912BC6E228AD97800B52DF5 /* LCBaseRequest+Internal.h */,
				5912BC6F228AD97800B52DF5 /* LCBaseRequest.h */,
				5912BC70228AD97800B52DF5 /* LCBaseRequest.m */,
				5912BC71228AD97800B52DF5 /* LCBatchRequest.h */,
				5912BC72228AD97800B52DF5 /* LCBatchRequest.m */,
				5912BC73228AD97800B52DF5 /* LCBatchRequestAgent.h */,
				5912BC74228AD97800B52DF5 /* LCBatchRequestAgent.m */,
				5912BC75228AD97800B52DF5 /* LCChainRequest.h */,
				5912BC76228AD97800B52DF5 /* LCChainRequest.m */,
				5912BC77228AD97800B52DF5 /* LCChainRequestAgent.h */,
				5912BC78228AD97800B52DF5 /* LCChainRequestAgent.m */,
				5912BC79228AD97800B52DF5 /* LCNetwork.h */,
				5912BC7A228AD97800B52DF5 /* LCNetworkAgent.h */,
				5912BC7B228AD97800B52DF5 /* LCNetworkAgent.m */,
				5912BC7C228AD97800B52DF5 /* LCNetworkConfig.h */,
				5912BC7D228AD97800B52DF5 /* LCNetworkConfig.m */,
				5912BC7E228AD97800B52DF5 /* LCQueueRequest.h */,
				5912BC7F228AD97800B52DF5 /* LCQueueRequest.m */,
				5912BC80228AD97800B52DF5 /* LCQueueRequestAgent.h */,
				5912BC81228AD97800B52DF5 /* LCQueueRequestAgent.m */,
			);
			path = LCNetwork;
			sourceTree = "<group>";
		};
		5912BC82228AD97800B52DF5 /* LCProcessFilter */ = {
			isa = PBXGroup;
			children = (
				5912BC83228AD97800B52DF5 /* LCProcessFilter.h */,
				5912BC84228AD97800B52DF5 /* LCProcessFilter.m */,
			);
			path = LCProcessFilter;
			sourceTree = "<group>";
		};
		5912BC85228AD97800B52DF5 /* TMCache */ = {
			isa = PBXGroup;
			children = (
				5912BC86228AD97800B52DF5 /* TMCache.h */,
				5912BC87228AD97800B52DF5 /* TMCache.m */,
				5912BC88228AD97800B52DF5 /* TMCacheBackgroundTaskManager.h */,
				5912BC89228AD97800B52DF5 /* TMDiskCache.h */,
				5912BC8A228AD97800B52DF5 /* TMDiskCache.m */,
				5912BC8B228AD97800B52DF5 /* TMMemoryCache.h */,
				5912BC8C228AD97800B52DF5 /* TMMemoryCache.m */,
			);
			path = TMCache;
			sourceTree = "<group>";
		};
		5912BCAC228ADB4D00B52DF5 /* Expand */ = {
			isa = PBXGroup;
			children = (
				5912BCB3228ADB4D00B52DF5 /* RuntimeInvoker.h */,
				5912BCB4228ADB4D00B52DF5 /* RuntimeInvoker.m */,
				5912BCAE228ADB4D00B52DF5 /* NSString(字符串工具) */,
				5912BCB5228ADB4D00B52DF5 /* UIImage(色值图片) */,
				5912BCB8228ADB4D00B52DF5 /* UILabel(文本行间距设置) */,
				5912BCBB228ADB4D00B52DF5 /* UIView(视图工具) */,
				5912BCC2228ADB4D00B52DF5 /* UIWindow(窗口) */,
			);
			path = Expand;
			sourceTree = "<group>";
		};
		5912BCAE228ADB4D00B52DF5 /* NSString(字符串工具) */ = {
			isa = PBXGroup;
			children = (
				5912BCAF228ADB4D00B52DF5 /* NSString+PinYin.h */,
				5912BCB0228ADB4D00B52DF5 /* NSString+PinYin.m */,
				5912BCB1228ADB4D00B52DF5 /* NSString+StringHelp.h */,
				5912BCB2228ADB4D00B52DF5 /* NSString+StringHelp.m */,
			);
			path = "NSString(字符串工具)";
			sourceTree = "<group>";
		};
		5912BCB5228ADB4D00B52DF5 /* UIImage(色值图片) */ = {
			isa = PBXGroup;
			children = (
				5912BCB6228ADB4D00B52DF5 /* UIImage+Color.h */,
				5912BCB7228ADB4D00B52DF5 /* UIImage+Color.m */,
			);
			path = "UIImage(色值图片)";
			sourceTree = "<group>";
		};
		5912BCB8228ADB4D00B52DF5 /* UILabel(文本行间距设置) */ = {
			isa = PBXGroup;
			children = (
				5912BCB9228ADB4D00B52DF5 /* UILabel+LineSpace.h */,
				5912BCBA228ADB4D00B52DF5 /* UILabel+LineSpace.m */,
			);
			path = "UILabel(文本行间距设置)";
			sourceTree = "<group>";
		};
		5912BCBB228ADB4D00B52DF5 /* UIView(视图工具) */ = {
			isa = PBXGroup;
			children = (
				5912BCBC228ADB4D00B52DF5 /* UIView+Nib.h */,
				5912BCBD228ADB4D00B52DF5 /* UIView+Nib.m */,
				5912BCBE228ADB4D00B52DF5 /* UIView+Toast.h */,
				5912BCBF228ADB4D00B52DF5 /* UIView+Toast.m */,
				5912BCC0228ADB4D00B52DF5 /* UIView+ViewController.h */,
				5912BCC1228ADB4D00B52DF5 /* UIView+ViewController.m */,
			);
			path = "UIView(视图工具)";
			sourceTree = "<group>";
		};
		5912BCC2228ADB4D00B52DF5 /* UIWindow(窗口) */ = {
			isa = PBXGroup;
			children = (
				5912BCC3228ADB4D00B52DF5 /* UIWindow+Visible.h */,
				5912BCC4228ADB4D00B52DF5 /* UIWindow+Visible.m */,
			);
			path = "UIWindow(窗口)";
			sourceTree = "<group>";
		};
		5912BCCF228ADC8800B52DF5 /* Configure */ = {
			isa = PBXGroup;
			children = (
				5912BCD0228ADC8800B52DF5 /* CommonLbryPrefixHeader.pch */,
				5912BCD1228ADC8800B52DF5 /* Info.plist */,
				5912BCD3228ADD0800B52DF5 /* LNMacros.h */,
			);
			path = Configure;
			sourceTree = "<group>";
		};
		5968EE992282B66300D1041B = {
			isa = PBXGroup;
			children = (
				5968EEA42282B66300D1041B /* CommonLibrary */,
				5968EEA32282B66300D1041B /* Products */,
				DB37F2A21FDFAF17851FA827 /* Pods */,
				1AD3192DC6F1DEECC5646222 /* Frameworks */,
			);
			sourceTree = "<group>";
		};
		5968EEA32282B66300D1041B /* Products */ = {
			isa = PBXGroup;
			children = (
				5968EEA22282B66300D1041B /* CommonLibrary.app */,
			);
			name = Products;
			sourceTree = "<group>";
		};
		5968EEA42282B66300D1041B /* CommonLibrary */ = {
			isa = PBXGroup;
			children = (
				5912BCCF228ADC8800B52DF5 /* Configure */,
				5912BCAC228ADB4D00B52DF5 /* Expand */,
				5912BC46228AD97800B52DF5 /* LNBase */,
				5912BC31228AD0DA00B52DF5 /* Common */,
				5968EEA52282B66300D1041B /* AppDelegate.h */,
				5968EEA62282B66300D1041B /* AppDelegate.m */,
				5968EEA82282B66300D1041B /* ViewController.h */,
				5968EEA92282B66300D1041B /* ViewController.m */,
				5968EEC22282D20A00D1041B /* AppDelegate+AutoLogin.h */,
				5968EEC32282D20A00D1041B /* AppDelegate+AutoLogin.m */,
				5968EEAB2282B66300D1041B /* Main.storyboard */,
				5968EEAE2282B66300D1041B /* Assets.xcassets */,
				5968EEB02282B66300D1041B /* LaunchScreen.storyboard */,
				5968EEB42282B66300D1041B /* main.m */,
				5968EEBC2282BA0B00D1041B /* AppDelegate+ThirdParty.h */,
				5968EEBD2282BA0B00D1041B /* AppDelegate+ThirdParty.m */,
			);
			path = CommonLibrary;
			sourceTree = "<group>";
		};
		DB37F2A21FDFAF17851FA827 /* Pods */ = {
			isa = PBXGroup;
			children = (
				CC41FE78BB88E44166DDB78A /* Pods-CommonLibrary.debug.xcconfig */,
				8E11F58A9D6860FBC0D82076 /* Pods-CommonLibrary.release.xcconfig */,
			);
			name = Pods;
			sourceTree = "<group>";
		};
/* End PBXGroup section */

/* Begin PBXNativeTarget section */
		5968EEA12282B66300D1041B /* CommonLibrary */ = {
			isa = PBXNativeTarget;
			buildConfigurationList = 5968EEB82282B66300D1041B /* Build configuration list for PBXNativeTarget "CommonLibrary" */;
			buildPhases = (
				B69A98D6DBA643808D9AD1A7 /* [CP] Check Pods Manifest.lock */,
				5968EE9E2282B66300D1041B /* Sources */,
				5968EE9F2282B66300D1041B /* Frameworks */,
				5968EEA02282B66300D1041B /* Resources */,
				50F217620735EB9EF09E6D8D /* [CP] Copy Pods Resources */,
			);
			buildRules = (
			);
			dependencies = (
			);
			name = CommonLibrary;
			productName = CommonLibrary;
			productReference = 5968EEA22282B66300D1041B /* CommonLibrary.app */;
			productType = "com.apple.product-type.application";
		};
/* End PBXNativeTarget section */

/* Begin PBXProject section */
		5968EE9A2282B66300D1041B /* Project object */ = {
			isa = PBXProject;
			attributes = {
				LastUpgradeCheck = 1010;
				ORGANIZATIONNAME = usher;
				TargetAttributes = {
					5968EEA12282B66300D1041B = {
						CreatedOnToolsVersion = 10.1;
					};
				};
			};
			buildConfigurationList = 5968EE9D2282B66300D1041B /* Build configuration list for PBXProject "CommonLibrary" */;
			compatibilityVersion = "Xcode 9.3";
			developmentRegion = en;
			hasScannedForEncodings = 0;
			knownRegions = (
				en,
				Base,
			);
			mainGroup = 5968EE992282B66300D1041B;
			productRefGroup = 5968EEA32282B66300D1041B /* Products */;
			projectDirPath = "";
			projectRoot = "";
			targets = (
				5968EEA12282B66300D1041B /* CommonLibrary */,
			);
		};
/* End PBXProject section */

/* Begin PBXResourcesBuildPhase section */
		5968EEA02282B66300D1041B /* Resources */ = {
			isa = PBXResourcesBuildPhase;
			buildActionMask = 2147483647;
			files = (
				5968EEB22282B66300D1041B /* LaunchScreen.storyboard in Resources */,
				5912BC9C228AD97800B52DF5 /* LNStatusInfoVC.xib in Resources */,
				5912BCD2228ADC8800B52DF5 /* Info.plist in Resources */,
				5912BC42228AD0DA00B52DF5 /* MBProgressHUD.bundle in Resources */,
				5968EEAF2282B66300D1041B /* Assets.xcassets in Resources */,
				5968EEAD2282B66300D1041B /* Main.storyboard in Resources */,
			);
			runOnlyForDeploymentPostprocessing = 0;
		};
/* End PBXResourcesBuildPhase section */

/* Begin PBXShellScriptBuildPhase section */
		50F217620735EB9EF09E6D8D /* [CP] Copy Pods Resources */ = {
			isa = PBXShellScriptBuildPhase;
			buildActionMask = 2147483647;
			files = (
			);
			inputPaths = (
				"${SRCROOT}/Pods/Target Support Files/Pods-CommonLibrary/Pods-CommonLibrary-resources.sh",
				"${PODS_ROOT}/DateTools/DateTools/DateTools/DateTools.bundle",
				"${PODS_ROOT}/IQKeyboardManager/IQKeyboardManager/Resources/IQKeyboardManager.bundle",
				"${PODS_ROOT}/MJRefresh/MJRefresh/MJRefresh.bundle",
				"${PODS_ROOT}/SSKeychain/Support/SSKeychain.bundle",
				"${PODS_ROOT}/SVProgressHUD/SVProgressHUD/SVProgressHUD.bundle",
				"${PODS_ROOT}/TZImagePickerController/TZImagePickerController/TZImagePickerController/TZImagePickerController.bundle",
				"${PODS_ROOT}/UdeskSDK/UdeskSDK/UDChatMessage/UDResource/UdeskBundle.bundle",
			);
			name = "[CP] Copy Pods Resources";
			outputPaths = (
				"${TARGET_BUILD_DIR}/${UNLOCALIZED_RESOURCES_FOLDER_PATH}/DateTools.bundle",
				"${TARGET_BUILD_DIR}/${UNLOCALIZED_RESOURCES_FOLDER_PATH}/IQKeyboardManager.bundle",
				"${TARGET_BUILD_DIR}/${UNLOCALIZED_RESOURCES_FOLDER_PATH}/MJRefresh.bundle",
				"${TARGET_BUILD_DIR}/${UNLOCALIZED_RESOURCES_FOLDER_PATH}/SSKeychain.bundle",
				"${TARGET_BUILD_DIR}/${UNLOCALIZED_RESOURCES_FOLDER_PATH}/SVProgressHUD.bundle",
				"${TARGET_BUILD_DIR}/${UNLOCALIZED_RESOURCES_FOLDER_PATH}/TZImagePickerController.bundle",
				"${TARGET_BUILD_DIR}/${UNLOCALIZED_RESOURCES_FOLDER_PATH}/UdeskBundle.bundle",
			);
			runOnlyForDeploymentPostprocessing = 0;
			shellPath = /bin/sh;
			shellScript = "\"${SRCROOT}/Pods/Target Support Files/Pods-CommonLibrary/Pods-CommonLibrary-resources.sh\"\n";
			showEnvVarsInLog = 0;
		};
		B69A98D6DBA643808D9AD1A7 /* [CP] Check Pods Manifest.lock */ = {
			isa = PBXShellScriptBuildPhase;
			buildActionMask = 2147483647;
			files = (
			);
			inputPaths = (
				"${PODS_PODFILE_DIR_PATH}/Podfile.lock",
				"${PODS_ROOT}/Manifest.lock",
			);
			name = "[CP] Check Pods Manifest.lock";
			outputPaths = (
				"$(DERIVED_FILE_DIR)/Pods-CommonLibrary-checkManifestLockResult.txt",
			);
			runOnlyForDeploymentPostprocessing = 0;
			shellPath = /bin/sh;
			shellScript = "diff \"${PODS_PODFILE_DIR_PATH}/Podfile.lock\" \"${PODS_ROOT}/Manifest.lock\" > /dev/null\nif [ $? != 0 ] ; then\n    # print error to STDERR\n    echo \"error: The sandbox is not in sync with the Podfile.lock. Run 'pod install' or update your CocoaPods installation.\" >&2\n    exit 1\nfi\n# This output is used by Xcode 'outputs' to avoid re-running this script phase.\necho \"SUCCESS\" > \"${SCRIPT_OUTPUT_FILE_0}\"\n";
			showEnvVarsInLog = 0;
		};
/* End PBXShellScriptBuildPhase section */

/* Begin PBXSourcesBuildPhase section */
		5968EE9E2282B66300D1041B /* Sources */ = {
			isa = PBXSourcesBuildPhase;
			buildActionMask = 2147483647;
			files = (
				5912BC97228AD97800B52DF5 /* LNBaseVC.m in Sources */,
				5912BCA4228AD97800B52DF5 /* LCNetworkAgent.m in Sources */,
				5912BCAA228AD97800B52DF5 /* TMDiskCache.m in Sources */,
				5912BCA8228AD97800B52DF5 /* LCProcessFilter.m in Sources */,
				5912BCA9228AD97800B52DF5 /* TMCache.m in Sources */,
				5912BCA0228AD97800B52DF5 /* LCBatchRequest.m in Sources */,
				5912BCCA228ADB4E00B52DF5 /* UILabel+LineSpace.m in Sources */,
				5912BC93228AD97800B52DF5 /* LNBaseTableViewAPI.m in Sources */,
				5968EEC42282D20A00D1041B /* AppDelegate+AutoLogin.m in Sources */,
				5912BC9E228AD97800B52DF5 /* LNNetWorkAPI.m in Sources */,
				5912BCA6228AD97800B52DF5 /* LCQueueRequest.m in Sources */,
				5912BCA3228AD97800B52DF5 /* LCChainRequestAgent.m in Sources */,
				5912BCCB228ADB4E00B52DF5 /* UIView+Nib.m in Sources */,
				5912BCC9228ADB4E00B52DF5 /* UIImage+Color.m in Sources */,
				5912BC9F228AD97800B52DF5 /* LCBaseRequest.m in Sources */,
				5912BCCD228ADB4E00B52DF5 /* UIView+ViewController.m in Sources */,
				5912BCCC228ADB4E00B52DF5 /* UIView+Toast.m in Sources */,
				5912BC9D228AD97800B52DF5 /* LNNetBaseModel.m in Sources */,
				5912BC94228AD97800B52DF5 /* LNBaseTableViewCell.m in Sources */,
				5968EEAA2282B66300D1041B /* ViewController.m in Sources */,
				5912BC95228AD97800B52DF5 /* LNBaseTableViewController.m in Sources */,
				5912BC44228AD0DA00B52DF5 /* JKDBHelper.m in Sources */,
				5912BC92228AD97800B52DF5 /* UIView+EmptyDataSetType.m in Sources */,
				5968EEBE2282BA0B00D1041B /* AppDelegate+ThirdParty.m in Sources */,
				5912BCA2228AD97800B52DF5 /* LCChainRequest.m in Sources */,
				5912BC91228AD97800B52DF5 /* UIView+EmptyDataSet.m in Sources */,
				5912BC90228AD97800B52DF5 /* EmptyDataSource.m in Sources */,
				5912BC96228AD97800B52DF5 /* LNBaseTableViewModel.m in Sources */,
				5912BCC7228ADB4E00B52DF5 /* NSString+StringHelp.m in Sources */,
				5912BCA5228AD97800B52DF5 /* LCNetworkConfig.m in Sources */,
				5912BCC6228ADB4E00B52DF5 /* NSString+PinYin.m in Sources */,
				5912BC9A228AD97800B52DF5 /* LNEncryption.m in Sources */,
				5912BC41228AD0DA00B52DF5 /* MBProgressHUD+Usher.m in Sources */,
				5912BCAB228AD97800B52DF5 /* TMMemoryCache.m in Sources */,
				5912BCCE228ADB4E00B52DF5 /* UIWindow+Visible.m in Sources */,
				5912BC45228AD0DA00B52DF5 /* JKDBModel.m in Sources */,
				5912BC9B228AD97800B52DF5 /* LNStatusInfoVC.m in Sources */,
				5912BCC8228ADB4E00B52DF5 /* RuntimeInvoker.m in Sources */,
				5968EEB52282B66300D1041B /* main.m in Sources */,
				5912BCA7228AD97800B52DF5 /* LCQueueRequestAgent.m in Sources */,
				5912BCA1228AD97800B52DF5 /* LCBatchRequestAgent.m in Sources */,
				5968EEA72282B66300D1041B /* AppDelegate.m in Sources */,
				5912BC43228AD0DA00B52DF5 /* UITextView+PlaceHolder.m in Sources */,
			);
			runOnlyForDeploymentPostprocessing = 0;
		};
/* End PBXSourcesBuildPhase section */

/* Begin PBXVariantGroup section */
		5968EEAB2282B66300D1041B /* Main.storyboard */ = {
			isa = PBXVariantGroup;
			children = (
				5968EEAC2282B66300D1041B /* Base */,
			);
			name = Main.storyboard;
			sourceTree = "<group>";
		};
		5968EEB02282B66300D1041B /* LaunchScreen.storyboard */ = {
			isa = PBXVariantGroup;
			children = (
				5968EEB12282B66300D1041B /* Base */,
			);
			name = LaunchScreen.storyboard;
			sourceTree = "<group>";
		};
/* End PBXVariantGroup section */

/* Begin XCBuildConfiguration section */
		5968EEB62282B66300D1041B /* Debug */ = {
			isa = XCBuildConfiguration;
			buildSettings = {
				ALWAYS_SEARCH_USER_PATHS = NO;
				CLANG_ANALYZER_NONNULL = YES;
				CLANG_ANALYZER_NUMBER_OBJECT_CONVERSION = YES_AGGRESSIVE;
				CLANG_CXX_LANGUAGE_STANDARD = "gnu++14";
				CLANG_CXX_LIBRARY = "libc++";
				CLANG_ENABLE_MODULES = YES;
				CLANG_ENABLE_OBJC_ARC = YES;
				CLANG_ENABLE_OBJC_WEAK = YES;
				CLANG_WARN_BLOCK_CAPTURE_AUTORELEASING = YES;
				CLANG_WARN_BOOL_CONVERSION = YES;
				CLANG_WARN_COMMA = YES;
				CLANG_WARN_CONSTANT_CONVERSION = YES;
				CLANG_WARN_DEPRECATED_OBJC_IMPLEMENTATIONS = YES;
				CLANG_WARN_DIRECT_OBJC_ISA_USAGE = YES_ERROR;
				CLANG_WARN_DOCUMENTATION_COMMENTS = YES;
				CLANG_WARN_EMPTY_BODY = YES;
				CLANG_WARN_ENUM_CONVERSION = YES;
				CLANG_WARN_INFINITE_RECURSION = YES;
				CLANG_WARN_INT_CONVERSION = YES;
				CLANG_WARN_NON_LITERAL_NULL_CONVERSION = YES;
				CLANG_WARN_OBJC_IMPLICIT_RETAIN_SELF = YES;
				CLANG_WARN_OBJC_LITERAL_CONVERSION = YES;
				CLANG_WARN_OBJC_ROOT_CLASS = YES_ERROR;
				CLANG_WARN_RANGE_LOOP_ANALYSIS = YES;
				CLANG_WARN_STRICT_PROTOTYPES = YES;
				CLANG_WARN_SUSPICIOUS_MOVE = YES;
				CLANG_WARN_UNGUARDED_AVAILABILITY = YES_AGGRESSIVE;
				CLANG_WARN_UNREACHABLE_CODE = YES;
				CLANG_WARN__DUPLICATE_METHOD_MATCH = YES;
				CODE_SIGN_IDENTITY = "iPhone Developer";
				COPY_PHASE_STRIP = NO;
				DEBUG_INFORMATION_FORMAT = dwarf;
				ENABLE_STRICT_OBJC_MSGSEND = YES;
				ENABLE_TESTABILITY = YES;
				GCC_C_LANGUAGE_STANDARD = gnu11;
				GCC_DYNAMIC_NO_PIC = NO;
				GCC_NO_COMMON_BLOCKS = YES;
				GCC_OPTIMIZATION_LEVEL = 0;
				GCC_PREPROCESSOR_DEFINITIONS = (
					"DEBUG=1",
					"$(inherited)",
				);
				GCC_WARN_64_TO_32_BIT_CONVERSION = YES;
				GCC_WARN_ABOUT_RETURN_TYPE = YES_ERROR;
				GCC_WARN_UNDECLARED_SELECTOR = YES;
				GCC_WARN_UNINITIALIZED_AUTOS = YES_AGGRESSIVE;
				GCC_WARN_UNUSED_FUNCTION = YES;
				GCC_WARN_UNUSED_VARIABLE = YES;
				IPHONEOS_DEPLOYMENT_TARGET = 12.1;
				MTL_ENABLE_DEBUG_INFO = INCLUDE_SOURCE;
				MTL_FAST_MATH = YES;
				ONLY_ACTIVE_ARCH = YES;
				SDKROOT = iphoneos;
			};
			name = Debug;
		};
		5968EEB72282B66300D1041B /* Release */ = {
			isa = XCBuildConfiguration;
			buildSettings = {
				ALWAYS_SEARCH_USER_PATHS = NO;
				CLANG_ANALYZER_NONNULL = YES;
				CLANG_ANALYZER_NUMBER_OBJECT_CONVERSION = YES_AGGRESSIVE;
				CLANG_CXX_LANGUAGE_STANDARD = "gnu++14";
				CLANG_CXX_LIBRARY = "libc++";
				CLANG_ENABLE_MODULES = YES;
				CLANG_ENABLE_OBJC_ARC = YES;
				CLANG_ENABLE_OBJC_WEAK = YES;
				CLANG_WARN_BLOCK_CAPTURE_AUTORELEASING = YES;
				CLANG_WARN_BOOL_CONVERSION = YES;
				CLANG_WARN_COMMA = YES;
				CLANG_WARN_CONSTANT_CONVERSION = YES;
				CLANG_WARN_DEPRECATED_OBJC_IMPLEMENTATIONS = YES;
				CLANG_WARN_DIRECT_OBJC_ISA_USAGE = YES_ERROR;
				CLANG_WARN_DOCUMENTATION_COMMENTS = YES;
				CLANG_WARN_EMPTY_BODY = YES;
				CLANG_WARN_ENUM_CONVERSION = YES;
				CLANG_WARN_INFINITE_RECURSION = YES;
				CLANG_WARN_INT_CONVERSION = YES;
				CLANG_WARN_NON_LITERAL_NULL_CONVERSION = YES;
				CLANG_WARN_OBJC_IMPLICIT_RETAIN_SELF = YES;
				CLANG_WARN_OBJC_LITERAL_CONVERSION = YES;
				CLANG_WARN_OBJC_ROOT_CLASS = YES_ERROR;
				CLANG_WARN_RANGE_LOOP_ANALYSIS = YES;
				CLANG_WARN_STRICT_PROTOTYPES = YES;
				CLANG_WARN_SUSPICIOUS_MOVE = YES;
				CLANG_WARN_UNGUARDED_AVAILABILITY = YES_AGGRESSIVE;
				CLANG_WARN_UNREACHABLE_CODE = YES;
				CLANG_WARN__DUPLICATE_METHOD_MATCH = YES;
				CODE_SIGN_IDENTITY = "iPhone Developer";
				COPY_PHASE_STRIP = NO;
				DEBUG_INFORMATION_FORMAT = "dwarf-with-dsym";
				ENABLE_NS_ASSERTIONS = NO;
				ENABLE_STRICT_OBJC_MSGSEND = YES;
				GCC_C_LANGUAGE_STANDARD = gnu11;
				GCC_NO_COMMON_BLOCKS = YES;
				GCC_WARN_64_TO_32_BIT_CONVERSION = YES;
				GCC_WARN_ABOUT_RETURN_TYPE = YES_ERROR;
				GCC_WARN_UNDECLARED_SELECTOR = YES;
				GCC_WARN_UNINITIALIZED_AUTOS = YES_AGGRESSIVE;
				GCC_WARN_UNUSED_FUNCTION = YES;
				GCC_WARN_UNUSED_VARIABLE = YES;
				IPHONEOS_DEPLOYMENT_TARGET = 12.1;
				MTL_ENABLE_DEBUG_INFO = NO;
				MTL_FAST_MATH = YES;
				SDKROOT = iphoneos;
				VALIDATE_PRODUCT = YES;
			};
			name = Release;
		};
		5968EEB92282B66300D1041B /* Debug */ = {
			isa = XCBuildConfiguration;
			baseConfigurationReference = CC41FE78BB88E44166DDB78A /* Pods-CommonLibrary.debug.xcconfig */;
			buildSettings = {
				ASSETCATALOG_COMPILER_APPICON_NAME = AppIcon;
				CODE_SIGN_STYLE = Automatic;
				DEVELOPMENT_TEAM = KTGHC25WAQ;
				GCC_PREFIX_HEADER = ./CommonLibrary/Configure/CommonLbryPrefixHeader.pch;
				INFOPLIST_FILE = CommonLibrary/Info.plist;
				IPHONEOS_DEPLOYMENT_TARGET = 9.0;
				LD_RUNPATH_SEARCH_PATHS = (
					"$(inherited)",
					"@executable_path/Frameworks",
				);
				PRODUCT_BUNDLE_IDENTIFIER = com.usher.CommonLibrary;
				PRODUCT_NAME = "$(TARGET_NAME)";
				TARGETED_DEVICE_FAMILY = "1,2";
			};
			name = Debug;
		};
		5968EEBA2282B66300D1041B /* Release */ = {
			isa = XCBuildConfiguration;
			baseConfigurationReference = 8E11F58A9D6860FBC0D82076 /* Pods-CommonLibrary.release.xcconfig */;
			buildSettings = {
				ASSETCATALOG_COMPILER_APPICON_NAME = AppIcon;
				CODE_SIGN_STYLE = Automatic;
				DEVELOPMENT_TEAM = KTGHC25WAQ;
				GCC_PREFIX_HEADER = ./CommonLibrary/Configure/CommonLbryPrefixHeader.pch;
				INFOPLIST_FILE = CommonLibrary/Info.plist;
				IPHONEOS_DEPLOYMENT_TARGET = 9.0;
				LD_RUNPATH_SEARCH_PATHS = (
					"$(inherited)",
					"@executable_path/Frameworks",
				);
				PRODUCT_BUNDLE_IDENTIFIER = com.usher.CommonLibrary;
				PRODUCT_NAME = "$(TARGET_NAME)";
				TARGETED_DEVICE_FAMILY = "1,2";
			};
			name = Release;
		};
/* End XCBuildConfiguration section */

/* Begin XCConfigurationList section */
		5968EE9D2282B66300D1041B /* Build configuration list for PBXProject "CommonLibrary" */ = {
			isa = XCConfigurationList;
			buildConfigurations = (
				5968EEB62282B66300D1041B /* Debug */,
				5968EEB72282B66300D1041B /* Release */,
			);
			defaultConfigurationIsVisible = 0;
			defaultConfigurationName = Release;
		};
		5968EEB82282B66300D1041B /* Build configuration list for PBXNativeTarget "CommonLibrary" */ = {
			isa = XCConfigurationList;
			buildConfigurations = (
				5968EEB92282B66300D1041B /* Debug */,
				5968EEBA2282B66300D1041B /* Release */,
			);
			defaultConfigurationIsVisible = 0;
			defaultConfigurationName = Release;
		};
/* End XCConfigurationList section */
	};
	rootObject = 5968EE9A2282B66300D1041B /* Project object */;
}
